lock_version: 1
toolchain:
  repository: TakashiSasaki/agent-policy
  revision: 848923054e168eb2f8c696e73e2273ba8bf09501
inputs:
  .agent-policy.yml:
    sha256: f476656c661b7aae5c2537af6d60049f1b63a2569b3dbf535e048d00ab65ecd0
  policy/project.md:
    sha256: ed464707133c322fa032de108b75dc26dc902cd8737b009bbf11fd06fe8937a8
outputs:
  .agent-policy/preview/AGENTS.md:
    sha256: a1f1b37d663580a1363c483eea63b824dae2aa63109b7f90f13844c1d7f52d48
  .agents/skills/validate-agent-policy/SKILL.md:
    sha256: b13d4d83664ac336ee4ab9a29481a9868ec02b2b03fb718e424e27c6b2843fdd
